
Microsoft Visual Studio Solution File, Format Version 12.00
# Visual Studio Version 17
VisualStudioVersion = 17.11.35327.3
MinimumVisualStudioVersion = 10.0.40219.1
Project("{FAE04EC0-301F-11D3-BF4B-00C04F79EFBC}") = "GuidValidator", "GuidValidator.csproj", "{88D77C6E-1DB3-451A-8955-33FEC39537BC}"
EndProject
Global
	GlobalSection(SolutionConfigurationPlatforms) = preSolution
		Debug|Any CPU = Debug|Any CPU
		Release|Any CPU = Release|Any CPU
	EndGlobalSection
	GlobalSection(ProjectConfigurationPlatforms) = postSolution
		{88D77C6E-1DB3-451A-8955-33FEC39537BC}.Debug|Any CPU.ActiveCfg = Debug|Any CPU
		{88D77C6E-1DB3-451A-8955-33FEC39537BC}.Debug|Any CPU.Build.0 = Debug|Any CPU
		{88D77C6E-1DB3-451A-8955-33FEC39537BC}.Release|Any CPU.ActiveCfg = Release|Any CPU
		{88D77C6E-1DB3-451A-8955-33FEC39537BC}.Release|Any CPU.Build.0 = Release|Any CPU
	EndGlobalSection
	GlobalSection(SolutionProperties) = preSolution
		HideSolutionNode = FALSE
	EndGlobalSection
	GlobalSection(ExtensibilityGlobals) = postSolution
		SolutionGuid = {6D228499-3B36-464E-A0BB-EF5C20D135AF}
	EndGlobalSection
EndGlobal
